
Microsoft Visual Studio Solution File, Format Version 12.00
# Visual Studio Version 16
VisualStudioVersion = 16.0.29613.14
MinimumVisualStudioVersion = 10.0.40219.1
Project("{FAE04EC0-301F-11D3-BF4B-00C04F79EFBC}") = "TestLibrary", "TestLibrary\TestLibrary.csproj", "{AA6481A1-906B-4DA4-8559-9ACDB8CF5FEF}"
EndProject
Global
	GlobalSection(SolutionConfigurationPlatforms) = preSolution
		Debug|Any CPU = Debug|Any CPU
		Release|Any CPU = Release|Any CPU
	EndGlobalSection
	GlobalSection(ProjectConfigurationPlatforms) = postSolution
		{AA6481A1-906B-4DA4-8559-9ACDB8CF5FEF}.Debug|Any CPU.ActiveCfg = Debug|Any CPU
		{AA6481A1-906B-4DA4-8559-9ACDB8CF5FEF}.Debug|Any CPU.Build.0 = Debug|Any CPU
		{AA6481A1-906B-4DA4-8559-9ACDB8CF5FEF}.Release|Any CPU.ActiveCfg = Release|Any CPU
		{AA6481A1-906B-4DA4-8559-9ACDB8CF5FEF}.Release|Any CPU.Build.0 = Release|Any CPU
	EndGlobalSection
	GlobalSection(SolutionProperties) = preSolution
		HideSolutionNode = FALSE
	EndGlobalSection
	GlobalSection(ExtensibilityGlobals) = postSolution
		SolutionGuid = {005DF22A-DE48-408A-A9BD-4734E6AA8ADE}
	EndGlobalSection
EndGlobal
